
Microsoft Visual Studio Solution File, Format Version 12.00
# Visual Studio Version 18
VisualStudioVersion = 18.1.11312.151
MinimumVisualStudioVersion = 10.0.40219.1
Project("{FAE04EC0-301F-11D3-BF4B-00C04F79EFBC}") = "KenshowLabo.Tools", "KenshowLabo.Tools\KenshowLabo.Tools.csproj", "{7A470545-20CA-4D8C-BE2E-6DBD3CED6AF0}"
EndProject
Project("{FAE04EC0-301F-11D3-BF4B-00C04F79EFBC}") = "ImportRaceEntries", "ImportRaceEntries\ImportRaceEntries.csproj", "{E75D3039-0F78-46D3-BBBF-65AD5D4C6F41}"
EndProject
Project("{FAE04EC0-301F-11D3-BF4B-00C04F79EFBC}") = "ImportJvToIf", "ImportJvToIf\ImportJvToIf.csproj", "{2BB6E09E-6891-46FB-B18E-54BCFE163C39}"
EndProject
Global
	GlobalSection(SolutionConfigurationPlatforms) = preSolution
		Debug|Any CPU = Debug|Any CPU
		Debug|x64 = Debug|x64
		Debug|x86 = Debug|x86
		Release|Any CPU = Release|Any CPU
		Release|x64 = Release|x64
		Release|x86 = Release|x86
	EndGlobalSection
	GlobalSection(ProjectConfigurationPlatforms) = postSolution
		{7A470545-20CA-4D8C-BE2E-6DBD3CED6AF0}.Debug|Any CPU.ActiveCfg = Debug|Any CPU
		{7A470545-20CA-4D8C-BE2E-6DBD3CED6AF0}.Debug|Any CPU.Build.0 = Debug|Any CPU
		{7A470545-20CA-4D8C-BE2E-6DBD3CED6AF0}.Debug|x64.ActiveCfg = Debug|Any CPU
		{7A470545-20CA-4D8C-BE2E-6DBD3CED6AF0}.Debug|x64.Build.0 = Debug|Any CPU
		{7A470545-20CA-4D8C-BE2E-6DBD3CED6AF0}.Debug|x86.ActiveCfg = Debug|Any CPU
		{7A470545-20CA-4D8C-BE2E-6DBD3CED6AF0}.Debug|x86.Build.0 = Debug|Any CPU
		{7A470545-20CA-4D8C-BE2E-6DBD3CED6AF0}.Release|Any CPU.ActiveCfg = Release|Any CPU
		{7A470545-20CA-4D8C-BE2E-6DBD3CED6AF0}.Release|Any CPU.Build.0 = Release|Any CPU
		{7A470545-20CA-4D8C-BE2E-6DBD3CED6AF0}.Release|x64.ActiveCfg = Release|Any CPU
		{7A470545-20CA-4D8C-BE2E-6DBD3CED6AF0}.Release|x64.Build.0 = Release|Any CPU
		{7A470545-20CA-4D8C-BE2E-6DBD3CED6AF0}.Release|x86.ActiveCfg = Release|Any CPU
		{7A470545-20CA-4D8C-BE2E-6DBD3CED6AF0}.Release|x86.Build.0 = Release|Any CPU
		{E75D3039-0F78-46D3-BBBF-65AD5D4C6F41}.Debug|Any CPU.ActiveCfg = Debug|Any CPU
		{E75D3039-0F78-46D3-BBBF-65AD5D4C6F41}.Debug|Any CPU.Build.0 = Debug|Any CPU
		{E75D3039-0F78-46D3-BBBF-65AD5D4C6F41}.Debug|x64.ActiveCfg = Debug|Any CPU
		{E75D3039-0F78-46D3-BBBF-65AD5D4C6F41}.Debug|x64.Build.0 = Debug|Any CPU
		{E75D3039-0F78-46D3-BBBF-65AD5D4C6F41}.Debug|x86.ActiveCfg = Debug|Any CPU
		{E75D3039-0F78-46D3-BBBF-65AD5D4C6F41}.Debug|x86.Build.0 = Debug|Any CPU
		{E75D3039-0F78-46D3-BBBF-65AD5D4C6F41}.Release|Any CPU.ActiveCfg = Release|Any CPU
		{E75D3039-0F78-46D3-BBBF-65AD5D4C6F41}.Release|Any CPU.Build.0 = Release|Any CPU
		{E75D3039-0F78-46D3-BBBF-65AD5D4C6F41}.Release|x64.ActiveCfg = Release|Any CPU
		{E75D3039-0F78-46D3-BBBF-65AD5D4C6F41}.Release|x64.Build.0 = Release|Any CPU
		{E75D3039-0F78-46D3-BBBF-65AD5D4C6F41}.Release|x86.ActiveCfg = Release|Any CPU
		{E75D3039-0F78-46D3-BBBF-65AD5D4C6F41}.Release|x86.Build.0 = Release|Any CPU
		{2BB6E09E-6891-46FB-B18E-54BCFE163C39}.Debug|Any CPU.ActiveCfg = Debug|Any CPU
		{2BB6E09E-6891-46FB-B18E-54BCFE163C39}.Debug|Any CPU.Build.0 = Debug|Any CPU
		{2BB6E09E-6891-46FB-B18E-54BCFE163C39}.Debug|x64.ActiveCfg = Debug|Any CPU
		{2BB6E09E-6891-46FB-B18E-54BCFE163C39}.Debug|x64.Build.0 = Debug|Any CPU
		{2BB6E09E-6891-46FB-B18E-54BCFE163C39}.Debug|x86.ActiveCfg = Debug|Any CPU
		{2BB6E09E-6891-46FB-B18E-54BCFE163C39}.Debug|x86.Build.0 = Debug|Any CPU
		{2BB6E09E-6891-46FB-B18E-54BCFE163C39}.Release|Any CPU.ActiveCfg = Release|Any CPU
		{2BB6E09E-6891-46FB-B18E-54BCFE163C39}.Release|Any CPU.Build.0 = Release|Any CPU
		{2BB6E09E-6891-46FB-B18E-54BCFE163C39}.Release|x64.ActiveCfg = Release|Any CPU
		{2BB6E09E-6891-46FB-B18E-54BCFE163C39}.Release|x64.Build.0 = Release|Any CPU
		{2BB6E09E-6891-46FB-B18E-54BCFE163C39}.Release|x86.ActiveCfg = Release|Any CPU
		{2BB6E09E-6891-46FB-B18E-54BCFE163C39}.Release|x86.Build.0 = Release|Any CPU
	EndGlobalSection
	GlobalSection(SolutionProperties) = preSolution
		HideSolutionNode = FALSE
	EndGlobalSection
	GlobalSection(ExtensibilityGlobals) = postSolution
		SolutionGuid = {7F3C305B-DDD1-4023-80DE-B1B198D0DD4F}
	EndGlobalSection
EndGlobal
